
Microsoft Visual Studio Solution File, Format Version 12.00
# Visual Studio Version 17
VisualStudioVersion = 17.6.33513.286
MinimumVisualStudioVersion = 10.0.40219.1
Project("{8BC9CEB8-8B4A-11D0-8D11-00A0C91BC942}") = "PassBashPro", "PassBashPro\PassBashPro.vcxproj", "{E4E90399-0A11-482F-8D76-A7C7FCFEC450}"
	ProjectSection(ProjectDependencies) = postProject
		{2F274260-AD6C-465A-B1FF-30E5D9A088B3} = {2F274260-AD6C-465A-B1FF-30E5D9A088B3}
		{541E53E1-C548-42AD-AF2B-001BB23736A8} = {541E53E1-C548-42AD-AF2B-001BB23736A8}
		{6A1F8460-3340-473A-B14E-569A435C84C5} = {6A1F8460-3340-473A-B14E-569A435C84C5}
		{E88779E5-8EF6-48EE-8AD7-1C7C020808F1} = {E88779E5-8EF6-48EE-8AD7-1C7C020808F1}
	EndProjectSection
EndProject
Project("{8BC9CEB8-8B4A-11D0-8D11-00A0C91BC942}") = "TEA", "TEA\TEA.vcxproj", "{E88779E5-8EF6-48EE-8AD7-1C7C020808F1}"
EndProject
Project("{8BC9CEB8-8B4A-11D0-8D11-00A0C91BC942}") = "Console", "Console\Console.vcxproj", "{541E53E1-C548-42AD-AF2B-001BB23736A8}"
EndProject
Project("{8BC9CEB8-8B4A-11D0-8D11-00A0C91BC942}") = "TinyXML2", "TinyXML2\TinyXML2.vcxproj", "{2F274260-AD6C-465A-B1FF-30E5D9A088B3}"
EndProject
Project("{8BC9CEB8-8B4A-11D0-8D11-00A0C91BC942}") = "Hash", "Hash\Hash.vcxproj", "{6A1F8460-3340-473A-B14E-569A435C84C5}"
EndProject
Project("{2150E333-8FDC-42A3-9474-1A3956D46DE8}") = "Solution Items", "Solution Items", "{CFFB3A54-5AE0-447C-8941-9B7F39198E7C}"
	ProjectSection(SolutionItems) = preProject
		.gitignore = .gitignore
		LICENSE = LICENSE
		README.md = README.md
	EndProjectSection
EndProject
Global
	GlobalSection(SolutionConfigurationPlatforms) = preSolution
		Debug|x64 = Debug|x64
		Debug|x86 = Debug|x86
		Release|x64 = Release|x64
		Release|x86 = Release|x86
	EndGlobalSection
	GlobalSection(ProjectConfigurationPlatforms) = postSolution
		{E4E90399-0A11-482F-8D76-A7C7FCFEC450}.Debug|x64.ActiveCfg = Debug|x64
		{E4E90399-0A11-482F-8D76-A7C7FCFEC450}.Debug|x64.Build.0 = Debug|x64
		{E4E90399-0A11-482F-8D76-A7C7FCFEC450}.Debug|x86.ActiveCfg = Debug|Win32
		{E4E90399-0A11-482F-8D76-A7C7FCFEC450}.Debug|x86.Build.0 = Debug|Win32
		{E4E90399-0A11-482F-8D76-A7C7FCFEC450}.Release|x64.ActiveCfg = Release|x64
		{E4E90399-0A11-482F-8D76-A7C7FCFEC450}.Release|x64.Build.0 = Release|x64
		{E4E90399-0A11-482F-8D76-A7C7FCFEC450}.Release|x86.ActiveCfg = Release|Win32
		{E4E90399-0A11-482F-8D76-A7C7FCFEC450}.Release|x86.Build.0 = Release|Win32
		{E88779E5-8EF6-48EE-8AD7-1C7C020808F1}.Debug|x64.ActiveCfg = Debug|x64
		{E88779E5-8EF6-48EE-8AD7-1C7C020808F1}.Debug|x64.Build.0 = Debug|x64
		{E88779E5-8EF6-48EE-8AD7-1C7C020808F1}.Debug|x86.ActiveCfg = Debug|Win32
		{E88779E5-8EF6-48EE-8AD7-1C7C020808F1}.Debug|x86.Build.0 = Debug|Win32
		{E88779E5-8EF6-48EE-8AD7-1C7C020808F1}.Release|x64.ActiveCfg = Release|x64
		{E88779E5-8EF6-48EE-8AD7-1C7C020808F1}.Release|x64.Build.0 = Release|x64
		{E88779E5-8EF6-48EE-8AD7-1C7C020808F1}.Release|x86.ActiveCfg = Release|Win32
		{E88779E5-8EF6-48EE-8AD7-1C7C020808F1}.Release|x86.Build.0 = Release|Win32
		{541E53E1-C548-42AD-AF2B-001BB23736A8}.Debug|x64.ActiveCfg = Debug|x64
		{541E53E1-C548-42AD-AF2B-001BB23736A8}.Debug|x64.Build.0 = Debug|x64
		{541E53E1-C548-42AD-AF2B-001BB23736A8}.Debug|x86.ActiveCfg = Debug|Win32
		{541E53E1-C548-42AD-AF2B-001BB23736A8}.Debug|x86.Build.0 = Debug|Win32
		{541E53E1-C548-42AD-AF2B-001BB23736A8}.Release|x64.ActiveCfg = Release|x64
		{541E53E1-C548-42AD-AF2B-001BB23736A8}.Release|x64.Build.0 = Release|x64
		{541E53E1-C548-42AD-AF2B-001BB23736A8}.Release|x86.ActiveCfg = Release|Win32
		{541E53E1-C548-42AD-AF2B-001BB23736A8}.Release|x86.Build.0 = Release|Win32
		{2F274260-AD6C-465A-B1FF-30E5D9A088B3}.Debug|x64.ActiveCfg = Debug|x64
		{2F274260-AD6C-465A-B1FF-30E5D9A088B3}.Debug|x64.Build.0 = Debug|x64
		{2F274260-AD6C-465A-B1FF-30E5D9A088B3}.Debug|x86.ActiveCfg = Debug|x64
		{2F274260-AD6C-465A-B1FF-30E5D9A088B3}.Debug|x86.Build.0 = Debug|x64
		{2F274260-AD6C-465A-B1FF-30E5D9A088B3}.Release|x64.ActiveCfg = Release|x64
		{2F274260-AD6C-465A-B1FF-30E5D9A088B3}.Release|x64.Build.0 = Release|x64
		{2F274260-AD6C-465A-B1FF-30E5D9A088B3}.Release|x86.ActiveCfg = Release|x64
		{2F274260-AD6C-465A-B1FF-30E5D9A088B3}.Release|x86.Build.0 = Release|x64
		{6A1F8460-3340-473A-B14E-569A435C84C5}.Debug|x64.ActiveCfg = Debug|x64
		{6A1F8460-3340-473A-B14E-569A435C84C5}.Debug|x64.Build.0 = Debug|x64
		{6A1F8460-3340-473A-B14E-569A435C84C5}.Debug|x86.ActiveCfg = Debug|Win32
		{6A1F8460-3340-473A-B14E-569A435C84C5}.Debug|x86.Build.0 = Debug|Win32
		{6A1F8460-3340-473A-B14E-569A435C84C5}.Release|x64.ActiveCfg = Release|x64
		{6A1F8460-3340-473A-B14E-569A435C84C5}.Release|x64.Build.0 = Release|x64
		{6A1F8460-3340-473A-B14E-569A435C84C5}.Release|x86.ActiveCfg = Release|Win32
		{6A1F8460-3340-473A-B14E-569A435C84C5}.Release|x86.Build.0 = Release|Win32
	EndGlobalSection
	GlobalSection(SolutionProperties) = preSolution
		HideSolutionNode = FALSE
	EndGlobalSection
	GlobalSection(ExtensibilityGlobals) = postSolution
		SolutionGuid = {B0502542-6DA8-4791-BBB4-30118521A2AD}
	EndGlobalSection
EndGlobal
