<?xml version="1.0" encoding="utf-8"?>
<Project ToolsVersion="4.0" xmlns="http://schemas.microsoft.com/developer/msbuild/2003">
  <ItemGroup>
    <Filter Include="Source Files">
      <UniqueIdentifier>{4FC737F1-C7A5-4376-A066-2A32D752A2FF}</UniqueIdentifier>
      <Extensions>cpp;c;cc;cxx;c++;cppm;ixx;def;odl;idl;hpj;bat;asm;asmx</Extensions>
    </Filter>
    <Filter Include="Header Files">
      <UniqueIdentifier>{93995380-89BD-4b04-88EB-625FBE52EBFB}</UniqueIdentifier>
      <Extensions>h;hh;hpp;hxx;h++;hm;inl;inc;ipp;xsd</Extensions>
    </Filter>
    <Filter Include="Resource Files">
      <UniqueIdentifier>{67DA6AB6-F800-4c08-8B7A-83BB121AAD01}</UniqueIdentifier>
      <Extensions>rc;ico;cur;bmp;dlg;rc2;rct;bin;rgs;gif;jpg;jpeg;jpe;resx;tiff;tif;png;wav;mfcribbon-ms</Extensions>
    </Filter>
  </ItemGroup>
  <ItemGroup>
    <ClInclude Include="inc\exec\Functions.h">
      <Filter>Header Files</Filter>
    </ClInclude>
    <ClInclude Include="inc\exec\Exec.h">
      <Filter>Header Files</Filter>
    </ClInclude>
    <ClInclude Include="inc\exec\Service.h">
      <Filter>Header Files</Filter>
    </ClInclude>
    <ClInclude Include="inc\utility\Auxiliary.h">
      <Filter>Header Files</Filter>
    </ClInclude>
    <ClInclude Include="inc\utility\xml.h">
      <Filter>Header Files</Filter>
    </ClInclude>
    <ClInclude Include="inc\core\PassDoc.h">
      <Filter>Header Files</Filter>
    </ClInclude>
    <ClInclude Include="inc\utility\PashDocUtil.h">
      <Filter>Header Files</Filter>
    </ClInclude>
    <ClInclude Include="inc\core\Env.h">
      <Filter>Header Files</Filter>
    </ClInclude>
    <ClInclude Include="inc\utility\EnvUtil.h">
      <Filter>Header Files</Filter>
    </ClInclude>
    <ClInclude Include="inc\exec\ExecFactory.h">
      <Filter>Header Files</Filter>
    </ClInclude>
    <ClInclude Include="inc\exec\ExecHost.h">
      <Filter>Header Files</Filter>
    </ClInclude>
    <ClInclude Include="inc\template\Singleton.h">
      <Filter>Header Files</Filter>
    </ClInclude>
    <ClInclude Include="inc\common\Error.h">
      <Filter>Header Files</Filter>
    </ClInclude>
    <ClInclude Include="inc\exec\Init.h">
      <Filter>Header Files</Filter>
    </ClInclude>
    <ClInclude Include="inc\exec\EditorFunctions.h">
      <Filter>Header Files</Filter>
    </ClInclude>
    <ClInclude Include="inc\common\Constants.h">
      <Filter>Header Files</Filter>
    </ClInclude>
    <ClInclude Include="inc\common\Logger.h">
      <Filter>Header Files</Filter>
    </ClInclude>
    <ClInclude Include="inc\common\Macros.h">
      <Filter>Header Files</Filter>
    </ClInclude>
    <ClInclude Include="inc\core\Global.h">
      <Filter>Header Files</Filter>
    </ClInclude>
    <ClInclude Include="inc\common\Colors.h">
      <Filter>Header Files</Filter>
    </ClInclude>
    <ClInclude Include="inc\exec\ExecHeader.h">
      <Filter>Header Files</Filter>
    </ClInclude>
    <ClInclude Include="inc\utility\Argument.h">
      <Filter>Header Files</Filter>
    </ClInclude>
    <ClInclude Include="inc\utility\ExecUtil.h">
      <Filter>Header Files</Filter>
    </ClInclude>
  </ItemGroup>
  <ItemGroup>
    <ClCompile Include="src\Main.cpp">
      <Filter>Source Files</Filter>
    </ClCompile>
    <ClCompile Include="src\utility\Auxiliary.cpp">
      <Filter>Source Files</Filter>
    </ClCompile>
    <ClCompile Include="src\utility\PassDocUtil.cpp">
      <Filter>Source Files</Filter>
    </ClCompile>
    <ClCompile Include="src\utility\xml.cpp">
      <Filter>Source Files</Filter>
    </ClCompile>
    <ClCompile Include="src\common\Logger.cpp">
      <Filter>Source Files</Filter>
    </ClCompile>
    <ClCompile Include="src\exec\ExecFactory.cpp">
      <Filter>Source Files</Filter>
    </ClCompile>
    <ClCompile Include="src\exec\ExecHost.cpp">
      <Filter>Source Files</Filter>
    </ClCompile>
    <ClCompile Include="src\exec\Init.cpp">
      <Filter>Source Files</Filter>
    </ClCompile>
    <ClCompile Include="src\core\PassDoc.cpp">
      <Filter>Source Files</Filter>
    </ClCompile>
    <ClCompile Include="src\exec\function\exec_cd.cpp">
      <Filter>Source Files</Filter>
    </ClCompile>
    <ClCompile Include="src\exec\function\exec_ls.cpp">
      <Filter>Source Files</Filter>
    </ClCompile>
    <ClCompile Include="src\exec\function\exec_touch.cpp">
      <Filter>Source Files</Filter>
    </ClCompile>
    <ClCompile Include="src\exec\function\exec_mkdir.cpp">
      <Filter>Source Files</Filter>
    </ClCompile>
    <ClCompile Include="src\exec\function\exec_rm.cpp">
      <Filter>Source Files</Filter>
    </ClCompile>
    <ClCompile Include="src\exec\function\exec_move.cpp">
      <Filter>Source Files</Filter>
    </ClCompile>
    <ClCompile Include="src\exec\function\exec_rename.cpp">
      <Filter>Source Files</Filter>
    </ClCompile>
    <ClCompile Include="src\exec\function\exec_cat.cpp">
      <Filter>Source Files</Filter>
    </ClCompile>
    <ClCompile Include="src\exec\function\exec_save.cpp">
      <Filter>Source Files</Filter>
    </ClCompile>
    <ClCompile Include="src\exec\function\exec_pwd.cpp">
      <Filter>Source Files</Filter>
    </ClCompile>
    <ClCompile Include="src\exec\function\exec_tree.cpp">
      <Filter>Source Files</Filter>
    </ClCompile>
    <ClCompile Include="src\exec\function\exec_find.cpp">
      <Filter>Source Files</Filter>
    </ClCompile>
    <ClCompile Include="src\exec\function\exec_clear.cpp">
      <Filter>Source Files</Filter>
    </ClCompile>
    <ClCompile Include="src\exec\function\exec_help.cpp">
      <Filter>Source Files</Filter>
    </ClCompile>
    <ClCompile Include="src\exec\function\exec_version.cpp">
      <Filter>Source Files</Filter>
    </ClCompile>
    <ClCompile Include="src\exec\function\exec_exit.cpp">
      <Filter>Source Files</Filter>
    </ClCompile>
    <ClCompile Include="src\utility\Argument.cpp">
      <Filter>Source Files</Filter>
    </ClCompile>
    <ClCompile Include="src\utility\ExecUtil.cpp">
      <Filter>Source Files</Filter>
    </ClCompile>
    <ClCompile Include="inc\utility\FileUtil.h">
      <Filter>Source Files</Filter>
    </ClCompile>
    <ClCompile Include="src\utility\FileUtil.cpp">
      <Filter>Source Files</Filter>
    </ClCompile>
  </ItemGroup>
</Project>