<?xml version="1.0" encoding="utf-8"?>
<Project ToolsVersion="4.0" xmlns="http://schemas.microsoft.com/developer/msbuild/2003">
  <ItemGroup>
    <Filter Include="Header Files">
      <UniqueIdentifier>{dea15fb2-1da3-44cb-ae92-fc6dbd61ea45}</UniqueIdentifier>
    </Filter>
    <Filter Include="Source Files">
      <UniqueIdentifier>{0bdea7c1-2eb5-4e06-aed5-3f096ecf52db}</UniqueIdentifier>
    </Filter>
    <Filter Include="Header Files\inc">
      <UniqueIdentifier>{034e4171-de87-443e-a30f-1de54a919c1c}</UniqueIdentifier>
    </Filter>
    <Filter Include="Source Files\src">
      <UniqueIdentifier>{c46c3c50-43a4-40a6-b64f-eaca879a4634}</UniqueIdentifier>
    </Filter>
  </ItemGroup>
  <ItemGroup>
    <ClInclude Include="inc\Output.h">
      <Filter>Header Files\inc</Filter>
    </ClInclude>
    <ClInclude Include="inc\Console.h">
      <Filter>Header Files\inc</Filter>
    </ClInclude>
    <ClInclude Include="inc\Input.h">
      <Filter>Header Files\inc</Filter>
    </ClInclude>
    <ClInclude Include="inc\Macros.h">
      <Filter>Header Files\inc</Filter>
    </ClInclude>
    <ClInclude Include="inc\Common.h">
      <Filter>Header Files\inc</Filter>
    </ClInclude>
    <ClInclude Include="cnsl.h">
      <Filter>Header Files</Filter>
    </ClInclude>
    <ClInclude Include="inc\InputAux.h">
      <Filter>Header Files\inc</Filter>
    </ClInclude>
  </ItemGroup>
  <ItemGroup>
    <ClCompile Include="src\Console.cpp">
      <Filter>Source Files\src</Filter>
    </ClCompile>
    <ClCompile Include="src\Input.cpp">
      <Filter>Source Files\src</Filter>
    </ClCompile>
    <ClCompile Include="src\Output.cpp">
      <Filter>Source Files\src</Filter>
    </ClCompile>
    <ClCompile Include="src\InputHistory.cpp">
      <Filter>Source Files\src</Filter>
    </ClCompile>
    <ClCompile Include="src\InputAux.cpp">
      <Filter>Source Files\src</Filter>
    </ClCompile>
  </ItemGroup>
</Project>